
Microsoft Visual Studio Solution File, Format Version 12.00
# Visual Studio 15
VisualStudioVersion = 15.0.28307.779
MinimumVisualStudioVersion = 10.0.40219.1
Project("{FAE04EC0-301F-11D3-BF4B-00C04F79EFBC}") = "PhysicsWindows", "PhysicsWindows\PhysicsWindows.csproj", "{4B7CBA9B-127D-415F-9CE3-3157D9D2B9A3}"
EndProject
Project("{D954291E-2A0B-460D-934E-DC6B0785DB48}") = "PhysicsCore", "PhysicsCore\PhysicsCore.shproj", "{A0CDBD0E-3A41-42B7-9425-A838BC2C7383}"
EndProject
Global
	GlobalSection(SharedMSBuildProjectFiles) = preSolution
		PhysicsCore\PhysicsCore.projitems*{4b7cba9b-127d-415f-9ce3-3157d9d2b9a3}*SharedItemsImports = 4
		PhysicsCore\PhysicsCore.projitems*{a0cdbd0e-3a41-42b7-9425-a838bc2c7383}*SharedItemsImports = 13
	EndGlobalSection
	GlobalSection(SolutionConfigurationPlatforms) = preSolution
		Debug|x86 = Debug|x86
		Release|x86 = Release|x86
	EndGlobalSection
	GlobalSection(ProjectConfigurationPlatforms) = postSolution
		{4B7CBA9B-127D-415F-9CE3-3157D9D2B9A3}.Debug|x86.ActiveCfg = Debug|x86
		{4B7CBA9B-127D-415F-9CE3-3157D9D2B9A3}.Debug|x86.Build.0 = Debug|x86
		{4B7CBA9B-127D-415F-9CE3-3157D9D2B9A3}.Release|x86.ActiveCfg = Release|x86
		{4B7CBA9B-127D-415F-9CE3-3157D9D2B9A3}.Release|x86.Build.0 = Release|x86
	EndGlobalSection
	GlobalSection(SolutionProperties) = preSolution
		HideSolutionNode = FALSE
	EndGlobalSection
	GlobalSection(ExtensibilityGlobals) = postSolution
		SolutionGuid = {57667C21-FD92-4378-A3E4-B1DCCEB0D85F}
	EndGlobalSection
EndGlobal
